<?xml version="1.0" encoding="utf-8"?>
<Project ToolsVersion="4.0" xmlns="http://schemas.microsoft.com/developer/msbuild/2003">
  <ItemGroup>
    <Filter Include="Source Files">
      <UniqueIdentifier>{4FC737F1-C7A5-4376-A066-2A32D752A2FF}</UniqueIdentifier>
      <Extensions>cpp;c;cc;cxx;def;odl;idl;hpj;bat;asm;asmx</Extensions>
    </Filter>
    <Filter Include="Header Files">
      <UniqueIdentifier>{93995380-89BD-4b04-88EB-625FBE52EBFB}</UniqueIdentifier>
      <Extensions>h;hpp;hxx;hm;inl;inc;xsd</Extensions>
    </Filter>
    <Filter Include="Shader Files">
      <UniqueIdentifier>{4d92eac6-63ce-4754-8672-bac9bdadd91e}</UniqueIdentifier>
    </Filter>
    <Filter Include="Resources Files">
      <UniqueIdentifier>{ee25d2dc-0dc8-4077-aecb-53622b17ea55}</UniqueIdentifier>
    </Filter>
    <Filter Include="Resources Files\Material Files">
      <UniqueIdentifier>{5a9ff3be-d8ca-4aa3-9eac-fb27a5854731}</UniqueIdentifier>
    </Filter>
    <Filter Include="Resources Files\Textures">
      <UniqueIdentifier>{9a7d1c2d-c03e-4bc5-883e-ad8044f19b8a}</UniqueIdentifier>
    </Filter>
    <Filter Include="Resources Files\Textures\SkyBox">
      <UniqueIdentifier>{e7d3a95a-d10a-41c4-ab9f-954d3d211990}</UniqueIdentifier>
    </Filter>
  </ItemGroup>
  <ItemGroup>
    <ClCompile Include="..\src\Camera.cpp">
      <Filter>Source Files</Filter>
    </ClCompile>
    <ClCompile Include="..\src\Entity.cpp">
      <Filter>Source Files</Filter>
    </ClCompile>
    <ClCompile Include="..\src\GameManager.cpp">
      <Filter>Source Files</Filter>
    </ClCompile>
    <ClCompile Include="..\src\Input.cpp">
      <Filter>Source Files</Filter>
    </ClCompile>
    <ClCompile Include="..\src\ProgramShader.cpp">
      <Filter>Source Files</Filter>
    </ClCompile>
    <ClCompile Include="..\src\Project.cpp">
      <Filter>Source Files</Filter>
    </ClCompile>
    <ClCompile Include="..\src\Utils.cpp">
      <Filter>Source Files</Filter>
    </ClCompile>
    <ClCompile Include="..\src\Light.cpp">
      <Filter>Source Files</Filter>
    </ClCompile>
    <ClCompile Include="..\src\Mesh.cpp">
      <Filter>Source Files</Filter>
    </ClCompile>
    <ClCompile Include="..\src\Texture.cpp">
      <Filter>Source Files</Filter>
    </ClCompile>
    <ClCompile Include="..\src\Object.cpp">
      <Filter>Source Files</Filter>
    </ClCompile>
    <ClCompile Include="..\src\ply.c">
      <Filter>Source Files</Filter>
    </ClCompile>
    <ClCompile Include="..\src\SkyBox.cpp">
      <Filter>Source Files</Filter>
    </ClCompile>
  </ItemGroup>
  <ItemGroup>
    <ClInclude Include="..\src\Camera.h">
      <Filter>Header Files</Filter>
    </ClInclude>
    <ClInclude Include="..\src\Entity.h">
      <Filter>Header Files</Filter>
    </ClInclude>
    <ClInclude Include="..\src\GameManager.h">
      <Filter>Header Files</Filter>
    </ClInclude>
    <ClInclude Include="..\src\Input.h">
      <Filter>Header Files</Filter>
    </ClInclude>
    <ClInclude Include="..\src\ProgramShader.h">
      <Filter>Header Files</Filter>
    </ClInclude>
    <ClInclude Include="..\src\Utils.h">
      <Filter>Header Files</Filter>
    </ClInclude>
    <ClInclude Include="..\src\Light.h">
      <Filter>Header Files</Filter>
    </ClInclude>
    <ClInclude Include="..\src\Mesh.h">
      <Filter>Header Files</Filter>
    </ClInclude>
    <ClInclude Include="..\src\Texture.h">
      <Filter>Header Files</Filter>
    </ClInclude>
    <ClInclude Include="..\src\Object.h">
      <Filter>Header Files</Filter>
    </ClInclude>
    <ClInclude Include="..\src\ply.h">
      <Filter>Header Files</Filter>
    </ClInclude>
    <ClInclude Include="..\src\SkyBox.h">
      <Filter>Header Files</Filter>
    </ClInclude>
  </ItemGroup>
  <ItemGroup>
    <None Include="materials\cyan.mtl">
      <Filter>Resources Files\Material Files</Filter>
    </None>
    <None Include="materials\esmerald.mtl">
      <Filter>Resources Files\Material Files</Filter>
    </None>
    <None Include="materials\gold.mtl">
      <Filter>Resources Files\Material Files</Filter>
    </None>
    <None Include="materials\ruby.mtl">
      <Filter>Resources Files\Material Files</Filter>
    </None>
    <None Include="materials\silver.mtl">
      <Filter>Resources Files\Material Files</Filter>
    </None>
    <None Include="materials\skybox.mtl">
      <Filter>Resources Files\Material Files</Filter>
    </None>
    <None Include="shaders\cubeMapping-v1.glsl">
      <Filter>Shader Files</Filter>
    </None>
    <None Include="shaders\cubeMapping-v6.glsl">
      <Filter>Shader Files</Filter>
    </None>
    <None Include="shaders\fragment.glsl">
      <Filter>Shader Files</Filter>
    </None>
    <None Include="shaders\sphereMapping.glsl">
      <Filter>Shader Files</Filter>
    </None>
    <None Include="shaders\vertex.glsl">
      <Filter>Shader Files</Filter>
    </None>
  </ItemGroup>
  <ItemGroup>
    <Image Include="textures\Cubemap.tga">
      <Filter>Resources Files\Textures</Filter>
    </Image>
    <Image Include="textures\fire.tga">
      <Filter>Resources Files\Textures</Filter>
    </Image>
    <Image Include="textures\sphereMap.tga">
      <Filter>Resources Files\Textures</Filter>
    </Image>
    <Image Include="textures\stone.tga">
      <Filter>Resources Files\Textures</Filter>
    </Image>
    <Image Include="textures\stone_normal.tga">
      <Filter>Resources Files\Textures</Filter>
    </Image>
    <Image Include="textures\SkyBox\cubeMap-back.tga">
      <Filter>Resources Files\Textures\SkyBox</Filter>
    </Image>
    <Image Include="textures\SkyBox\cubeMap-bottom.tga">
      <Filter>Resources Files\Textures\SkyBox</Filter>
    </Image>
    <Image Include="textures\SkyBox\cubeMap-front.tga">
      <Filter>Resources Files\Textures\SkyBox</Filter>
    </Image>
    <Image Include="textures\SkyBox\cubeMap-left.tga">
      <Filter>Resources Files\Textures\SkyBox</Filter>
    </Image>
    <Image Include="textures\SkyBox\cubeMap-right.tga">
      <Filter>Resources Files\Textures\SkyBox</Filter>
    </Image>
    <Image Include="textures\SkyBox\cubeMap-top.tga">
      <Filter>Resources Files\Textures\SkyBox</Filter>
    </Image>
  </ItemGroup>
</Project>